// !$*UTF8*$!
{
	archiveVersion = 1;
	classes = {
	};
	objectVersion = 77;
	objects = {

/* Begin PBXContainerItemProxy section */
		5C7D9DED2D4724BE00975515 /* PBXContainerItemProxy */ = {
			isa = PBXContainerItemProxy;
			containerPortal = 5C7D9DCF2D4724BD00975515 /* Project object */;
			proxyType = 1;
			remoteGlobalIDString = 5C7D9DD62D4724BD00975515;
			remoteInfo = Hobbify;
		};
		5C7D9DF72D4724BE00975515 /* PBXContainerItemProxy */ = {
			isa = PBXContainerItemProxy;
			containerPortal = 5C7D9DCF2D4724BD00975515 /* Project object */;
			proxyType = 1;
			remoteGlobalIDString = 5C7D9DD62D4724BD00975515;
			remoteInfo = Hobbify;
		};
/* End PBXContainerItemProxy section */

/* Begin PBXFileReference section */
		5C7D9DD72D4724BD00975515 /* Hobbify.app */ = {isa = PBXFileReference; explicitFileType = wrapper.application; includeInIndex = 0; path = Hobbify.app; sourceTree = BUILT_PRODUCTS_DIR; };
		5C7D9DEC2D4724BE00975515 /* HobbifyTests.xctest */ = {isa = PBXFileReference; explicitFileType = wrapper.cfbundle; includeInIndex = 0; path = HobbifyTests.xctest; sourceTree = BUILT_PRODUCTS_DIR; };
		5C7D9DF62D4724BE00975515 /* HobbifyUITests.xctest */ = {isa = PBXFileReference; explicitFileType = wrapper.cfbundle; includeInIndex = 0; path = HobbifyUITests.xctest; sourceTree = BUILT_PRODUCTS_DIR; };
/* End PBXFileReference section */

/* Begin PBXFileSystemSynchronizedRootGroup section */
		5C7D9DD92D4724BD00975515 /* Hobbify */ = {
			isa = PBXFileSystemSynchronizedRootGroup;
			path = Hobbify;
			sourceTree = "<group>";
		};
		5C7D9DEF2D4724BE00975515 /* HobbifyTests */ = {
			isa = PBXFileSystemSynchronizedRootGroup;
			path = HobbifyTests;
			sourceTree = "<group>";
		};
		5C7D9DF92D4724BE00975515 /* HobbifyUITests */ = {
			isa = PBXFileSystemSynchronizedRootGroup;
			path = HobbifyUITests;
			sourceTree = "<group>";
		};
/* End PBXFileSystemSynchronizedRootGroup section */

/* Begin PBXFrameworksBuildPhase section */
		5C7D9DD42D4724BD00975515 /* Frameworks */ = {
			isa = PBXFrameworksBuildPhase;
			buildActionMask = 2147483647;
			files = (
			);
			runOnlyForDeploymentPostprocessing = 0;
		};
		5C7D9DE92D4724BE00975515 /* Frameworks */ = {
			isa = PBXFrameworksBuildPhase;
			buildActionMask = 2147483647;
			files = (
			);
			runOnlyForDeploymentPostprocessing = 0;
		};
		5C7D9DF32D4724BE00975515 /* Frameworks */ = {
			isa = PBXFrameworksBuildPhase;
			buildActionMask = 2147483647;
			files = (
			);
			runOnlyForDeploymentPostprocessing = 0;
		};
/* End PBXFrameworksBuildPhase section */

/* Begin PBXGroup section */
		5C7D9DCE2D4724BD00975515 = {
			isa = PBXGroup;
			children = (
				5C7D9DD92D4724BD00975515 /* Hobbify */,
				5C7D9DEF2D4724BE00975515 /* HobbifyTests */,
				5C7D9DF92D4724BE00975515 /* HobbifyUITests */,
				5C7D9DD82D4724BD00975515 /* Products */,
			);
			sourceTree = "<group>";
		};
		5C7D9DD82D4724BD00975515 /* Products */ = {
			isa = PBXGroup;
			children = (
				5C7D9DD72D4724BD00975515 /* Hobbify.app */,
				5C7D9DEC2D4724BE00975515 /* HobbifyTests.xctest */,
				5C7D9DF62D4724BE00975515 /* HobbifyUITests.xctest */,
			);
			name = Products;
			sourceTree = "<group>";
		};
/* End PBXGroup section */

/* Begin PBXNativeTarget section */
		5C7D9DD62D4724BD00975515 /* Hobbify */ = {
			isa = PBXNativeTarget;
			buildConfigurationList = 5C7D9E002D4724BE00975515 /* Build configuration list for PBXNativeTarget "Hobbify" */;
			buildPhases = (
				5C7D9DD32D4724BD00975515 /* Sources */,
				5C7D9DD42D4724BD00975515 /* Frameworks */,
				5C7D9DD52D4724BD00975515 /* Resources */,
			);
			buildRules = (
			);
			dependencies = (
			);
			fileSystemSynchronizedGroups = (
				5C7D9DD92D4724BD00975515 /* Hobbify */,
			);
			name = Hobbify;
			packageProductDependencies = (
			);
			productName = Hobbify;
			productReference = 5C7D9DD72D4724BD00975515 /* Hobbify.app */;
			productType = "com.apple.product-type.application";
		};
		5C7D9DEB2D4724BE00975515 /* HobbifyTests */ = {
			isa = PBXNativeTarget;
			buildConfigurationList = 5C7D9E032D4724BE00975515 /* Build configuration list for PBXNativeTarget "HobbifyTests" */;
			buildPhases = (
				5C7D9DE82D4724BE00975515 /* Sources */,
				5C7D9DE92D4724BE00975515 /* Frameworks */,
				5C7D9DEA2D4724BE00975515 /* Resources */,
			);
			buildRules = (
			);
			dependencies = (
				5C7D9DEE2D4724BE00975515 /* PBXTargetDependency */,
			);
			fileSystemSynchronizedGroups = (
				5C7D9DEF2D4724BE00975515 /* HobbifyTests */,
			);
			name = HobbifyTests;
			packageProductDependencies = (
			);
			productName = HobbifyTests;
			productReference = 5C7D9DEC2D4724BE00975515 /* HobbifyTests.xctest */;
			productType = "com.apple.product-type.bundle.unit-test";
		};
		5C7D9DF52D4724BE00975515 /* HobbifyUITests */ = {
			isa = PBXNativeTarget;
			buildConfigurationList = 5C7D9E062D4724BE00975515 /* Build configuration list for PBXNativeTarget "HobbifyUITests" */;
			buildPhases = (
				5C7D9DF22D4724BE00975515 /* Sources */,
				5C7D9DF32D4724BE00975515 /* Frameworks */,
				5C7D9DF42D4724BE00975515 /* Resources */,
			);
			buildRules = (
			);
			dependencies = (
				5C7D9DF82D4724BE00975515 /* PBXTargetDependency */,
			);
			fileSystemSynchronizedGroups = (
				5C7D9DF92D4724BE00975515 /* HobbifyUITests */,
			);
			name = HobbifyUITests;
			packageProductDependencies = (
			);
			productName = HobbifyUITests;
			productReference = 5C7D9DF62D4724BE00975515 /* HobbifyUITests.xctest */;
			productType = "com.apple.product-type.bundle.ui-testing";
		};
/* End PBXNativeTarget section */

/* Begin PBXProject section */
		5C7D9DCF2D4724BD00975515 /* Project object */ = {
			isa = PBXProject;
			attributes = {
				BuildIndependentTargetsInParallel = 1;
				LastSwiftUpdateCheck = 1620;
				LastUpgradeCheck = 1620;
				TargetAttributes = {
					5C7D9DD62D4724BD00975515 = {
						CreatedOnToolsVersion = 16.2;
					};
					5C7D9DEB2D4724BE00975515 = {
						CreatedOnToolsVersion = 16.2;
						TestTargetID = 5C7D9DD62D4724BD00975515;
					};
					5C7D9DF52D4724BE00975515 = {
						CreatedOnToolsVersion = 16.2;
						TestTargetID = 5C7D9DD62D4724BD00975515;
					};
				};
			};
			buildConfigurationList = 5C7D9DD22D4724BD00975515 /* Build configuration list for PBXProject "Hobbify" */;
			developmentRegion = en;
			hasScannedForEncodings = 0;
			knownRegions = (
				en,
				Base,
			);
			mainGroup = 5C7D9DCE2D4724BD00975515;
			minimizedProjectReferenceProxies = 1;
			preferredProjectObjectVersion = 77;
			productRefGroup = 5C7D9DD82D4724BD00975515 /* Products */;
			projectDirPath = "";
			projectRoot = "";
			targets = (
				5C7D9DD62D4724BD00975515 /* Hobbify */,
				5C7D9DEB2D4724BE00975515 /* HobbifyTests */,
				5C7D9DF52D4724BE00975515 /* HobbifyUITests */,
			);
		};
/* End PBXProject section */

/* Begin PBXResourcesBuildPhase section */
		5C7D9DD52D4724BD00975515 /* Resources */ = {
			isa = PBXResourcesBuildPhase;
			buildActionMask = 2147483647;
			files = (
			);
			runOnlyForDeploymentPostprocessing = 0;
		};
		5C7D9DEA2D4724BE00975515 /* Resources */ = {
			isa = PBXResourcesBuildPhase;
			buildActionMask = 2147483647;
			files = (
			);
			runOnlyForDeploymentPostprocessing = 0;
		};
		5C7D9DF42D4724BE00975515 /* Resources */ = {
			isa = PBXResourcesBuildPhase;
			buildActionMask = 2147483647;
			files = (
			);
			runOnlyForDeploymentPostprocessing = 0;
		};
/* End PBXResourcesBuildPhase section */

/* Begin PBXSourcesBuildPhase section */
		5C7D9DD32D4724BD00975515 /* Sources */ = {
			isa = PBXSourcesBuildPhase;
			buildActionMask = 2147483647;
			files = (
			);
			runOnlyForDeploymentPostprocessing = 0;
		};
		5C7D9DE82D4724BE00975515 /* Sources */ = {
			isa = PBXSourcesBuildPhase;
			buildActionMask = 2147483647;
			files = (
			);
			runOnlyForDeploymentPostprocessing = 0;
		};
		5C7D9DF22D4724BE00975515 /* Sources */ = {
			isa = PBXSourcesBuildPhase;
			buildActionMask = 2147483647;
			files = (
			);
			runOnlyForDeploymentPostprocessing = 0;
		};
/* End PBXSourcesBuildPhase section */

/* Begin PBXTargetDependency section */
		5C7D9DEE2D4724BE00975515 /* PBXTargetDependency */ = {
			isa = PBXTargetDependency;
			target = 5C7D9DD62D4724BD00975515 /* Hobbify */;
			targetProxy = 5C7D9DED2D4724BE00975515 /* PBXContainerItemProxy */;
		};
		5C7D9DF82D4724BE00975515 /* PBXTargetDependency */ = {
			isa = PBXTargetDependency;
			target = 5C7D9DD62D4724BD00975515 /* Hobbify */;
			targetProxy = 5C7D9DF72D4724BE00975515 /* PBXContainerItemProxy */;
		};
/* End PBXTargetDependency section */

/* Begin XCBuildConfiguration section */
		5C7D9DFE2D4724BE00975515 /* Debug */ = {
			isa = XCBuildConfiguration;
			buildSettings = {
				ALWAYS_SEARCH_USER_PATHS = NO;
				ASSETCATALOG_COMPILER_GENERATE_SWIFT_ASSET_SYMBOL_EXTENSIONS = YES;
				CLANG_ANALYZER_NONNULL = YES;
				CLANG_ANALYZER_NUMBER_OBJECT_CONVERSION = YES_AGGRESSIVE;
				CLANG_CXX_LANGUAGE_STANDARD = "gnu++20";
				CLANG_ENABLE_MODULES = YES;
				CLANG_ENABLE_OBJC_ARC = YES;
				CLANG_ENABLE_OBJC_WEAK = YES;
				CLANG_WARN_BLOCK_CAPTURE_AUTORELEASING = YES;
				CLANG_WARN_BOOL_CONVERSION = YES;
				CLANG_WARN_COMMA = YES;
				CLANG_WARN_CONSTANT_CONVERSION = YES;
				CLANG_WARN_DEPRECATED_OBJC_IMPLEMENTATIONS = YES;
				CLANG_WARN_DIRECT_OBJC_ISA_USAGE = YES_ERROR;
				CLANG_WARN_DOCUMENTATION_COMMENTS = YES;
				CLANG_WARN_EMPTY_BODY = YES;
				CLANG_WARN_ENUM_CONVERSION = YES;
				CLANG_WARN_INFINITE_RECURSION = YES;
				CLANG_WARN_INT_CONVERSION = YES;
				CLANG_WARN_NON_LITERAL_NULL_CONVERSION = YES;
				CLANG_WARN_OBJC_IMPLICIT_RETAIN_SELF = YES;
				CLANG_WARN_OBJC_LITERAL_CONVERSION = YES;
				CLANG_WARN_OBJC_ROOT_CLASS = YES_ERROR;
				CLANG_WARN_QUOTED_INCLUDE_IN_FRAMEWORK_HEADER = YES;
				CLANG_WARN_RANGE_LOOP_ANALYSIS = YES;
				CLANG_WARN_STRICT_PROTOTYPES = YES;
				CLANG_WARN_SUSPICIOUS_MOVE = YES;
				CLANG_WARN_UNGUARDED_AVAILABILITY = YES_AGGRESSIVE;
				CLANG_WARN_UNREACHABLE_CODE = YES;
				CLANG_WARN__DUPLICATE_METHOD_MATCH = YES;
				COPY_PHASE_STRIP = NO;
				DEBUG_INFORMATION_FORMAT = dwarf;
				ENABLE_STRICT_OBJC_MSGSEND = YES;
				ENABLE_TESTABILITY = YES;
				ENABLE_USER_SCRIPT_SANDBOXING = YES;
				GCC_C_LANGUAGE_STANDARD = gnu17;
				GCC_DYNAMIC_NO_PIC = NO;
				GCC_NO_COMMON_BLOCKS = YES;
				GCC_OPTIMIZATION_LEVEL = 0;
				GCC_PREPROCESSOR_DEFINITIONS = (
					"DEBUG=1",
					"$(inherited)",
				);
				GCC_WARN_64_TO_32_BIT_CONVERSION = YES;
				GCC_WARN_ABOUT_RETURN_TYPE = YES_ERROR;
				GCC_WARN_UNDECLARED_SELECTOR = YES;
				GCC_WARN_UNINITIALIZED_AUTOS = YES_AGGRESSIVE;
				GCC_WARN_UNUSED_FUNCTION = YES;
				GCC_WARN_UNUSED_VARIABLE = YES;
				IPHONEOS_DEPLOYMENT_TARGET = 18.2;
				LOCALIZATION_PREFERS_STRING_CATALOGS = YES;
				MTL_ENABLE_DEBUG_INFO = INCLUDE_SOURCE;
				MTL_FAST_MATH = YES;
				ONLY_ACTIVE_ARCH = YES;
				SDKROOT = iphoneos;
				SWIFT_ACTIVE_COMPILATION_CONDITIONS = "DEBUG $(inherited)";
				SWIFT_OPTIMIZATION_LEVEL = "-Onone";
			};
			name = Debug;
		};
		5C7D9DFF2D4724BE00975515 /* Release */ = {
			isa = XCBuildConfiguration;
			buildSettings = {
				ALWAYS_SEARCH_USER_PATHS = NO;
				ASSETCATALOG_COMPILER_GENERATE_SWIFT_ASSET_SYMBOL_EXTENSIONS = YES;
				CLANG_ANALYZER_NONNULL = YES;
				CLANG_ANALYZER_NUMBER_OBJECT_CONVERSION = YES_AGGRESSIVE;
				CLANG_CXX_LANGUAGE_STANDARD = "gnu++20";
				CLANG_ENABLE_MODULES = YES;
				CLANG_ENABLE_OBJC_ARC = YES;
				CLANG_ENABLE_OBJC_WEAK = YES;
				CLANG_WARN_BLOCK_CAPTURE_AUTORELEASING = YES;
				CLANG_WARN_BOOL_CONVERSION = YES;
				CLANG_WARN_COMMA = YES;
				CLANG_WARN_CONSTANT_CONVERSION = YES;
				CLANG_WARN_DEPRECATED_OBJC_IMPLEMENTATIONS = YES;
				CLANG_WARN_DIRECT_OBJC_ISA_USAGE = YES_ERROR;
				CLANG_WARN_DOCUMENTATION_COMMENTS = YES;
				CLANG_WARN_EMPTY_BODY = YES;
				CLANG_WARN_ENUM_CONVERSION = YES;
				CLANG_WARN_INFINITE_RECURSION = YES;
				CLANG_WARN_INT_CONVERSION = YES;
				CLANG_WARN_NON_LITERAL_NULL_CONVERSION = YES;
				CLANG_WARN_OBJC_IMPLICIT_RETAIN_SELF = YES;
				CLANG_WARN_OBJC_LITERAL_CONVERSION = YES;
				CLANG_WARN_OBJC_ROOT_CLASS = YES_ERROR;
				CLANG_WARN_QUOTED_INCLUDE_IN_FRAMEWORK_HEADER = YES;
				CLANG_WARN_RANGE_LOOP_ANALYSIS = YES;
				CLANG_WARN_STRICT_PROTOTYPES = YES;
				CLANG_WARN_SUSPICIOUS_MOVE = YES;
				CLANG_WARN_UNGUARDED_AVAILABILITY = YES_AGGRESSIVE;
				CLANG_WARN_UNREACHABLE_CODE = YES;
				CLANG_WARN__DUPLICATE_METHOD_MATCH = YES;
				COPY_PHASE_STRIP = NO;
				DEBUG_INFORMATION_FORMAT = "dwarf-with-dsym";
				ENABLE_NS_ASSERTIONS = NO;
				ENABLE_STRICT_OBJC_MSGSEND = YES;
				ENABLE_USER_SCRIPT_SANDBOXING = YES;
				GCC_C_LANGUAGE_STANDARD = gnu17;
				GCC_NO_COMMON_BLOCKS = YES;
				GCC_WARN_64_TO_32_BIT_CONVERSION = YES;
				GCC_WARN_ABOUT_RETURN_TYPE = YES_ERROR;
				GCC_WARN_UNDECLARED_SELECTOR = YES;
				GCC_WARN_UNINITIALIZED_AUTOS = YES_AGGRESSIVE;
				GCC_WARN_UNUSED_FUNCTION = YES;
				GCC_WARN_UNUSED_VARIABLE = YES;
				IPHONEOS_DEPLOYMENT_TARGET = 18.2;
				LOCALIZATION_PREFERS_STRING_CATALOGS = YES;
				MTL_ENABLE_DEBUG_INFO = NO;
				MTL_FAST_MATH = YES;
				SDKROOT = iphoneos;
				SWIFT_COMPILATION_MODE = wholemodule;
				VALIDATE_PRODUCT = YES;
			};
			name = Release;
		};
		5C7D9E012D4724BE00975515 /* Debug */ = {
			isa = XCBuildConfiguration;
			buildSettings = {
				ASSETCATALOG_COMPILER_APPICON_NAME = AppIcon;
				ASSETCATALOG_COMPILER_GLOBAL_ACCENT_COLOR_NAME = AccentColor;
				CODE_SIGN_STYLE = Automatic;
				CURRENT_PROJECT_VERSION = 1;
				DEVELOPMENT_ASSET_PATHS = "\"Hobbify/Preview Content\"";
				DEVELOPMENT_TEAM = 8DMXRV4N4Y;
				ENABLE_PREVIEWS = YES;
				GENERATE_INFOPLIST_FILE = YES;
				INFOPLIST_KEY_UIApplicationSceneManifest_Generation = YES;
				INFOPLIST_KEY_UIApplicationSupportsIndirectInputEvents = YES;
				INFOPLIST_KEY_UILaunchScreen_Generation = YES;
				INFOPLIST_KEY_UISupportedInterfaceOrientations_iPad = "UIInterfaceOrientationPortrait UIInterfaceOrientationPortraitUpsideDown UIInterfaceOrientationLandscapeLeft UIInterfaceOrientationLandscapeRight";
				INFOPLIST_KEY_UISupportedInterfaceOrientations_iPhone = "UIInterfaceOrientationPortrait UIInterfaceOrientationLandscapeLeft UIInterfaceOrientationLandscapeRight";
				LD_RUNPATH_SEARCH_PATHS = (
					"$(inherited)",
					"@executable_path/Frameworks",
				);
				MARKETING_VERSION = 1.0;
				PRODUCT_BUNDLE_IDENTIFIER = MaxBricker.Hobbify;
				PRODUCT_NAME = "$(TARGET_NAME)";
				SWIFT_EMIT_LOC_STRINGS = YES;
				SWIFT_VERSION = 5.0;
				TARGETED_DEVICE_FAMILY = "1,2";
			};
			name = Debug;
		};
		5C7D9E022D4724BE00975515 /* Release */ = {
			isa = XCBuildConfiguration;
			buildSettings = {
				ASSETCATALOG_COMPILER_APPICON_NAME = AppIcon;
				ASSETCATALOG_COMPILER_GLOBAL_ACCENT_COLOR_NAME = AccentColor;
				CODE_SIGN_STYLE = Automatic;
				CURRENT_PROJECT_VERSION = 1;
				DEVELOPMENT_ASSET_PATHS = "\"Hobbify/Preview Content\"";
				DEVELOPMENT_TEAM = 8DMXRV4N4Y;
				ENABLE_PREVIEWS = YES;
				GENERATE_INFOPLIST_FILE = YES;
				INFOPLIST_KEY_UIApplicationSceneManifest_Generation = YES;
				INFOPLIST_KEY_UIApplicationSupportsIndirectInputEvents = YES;
				INFOPLIST_KEY_UILaunchScreen_Generation = YES;
				INFOPLIST_KEY_UISupportedInterfaceOrientations_iPad = "UIInterfaceOrientationPortrait UIInterfaceOrientationPortraitUpsideDown UIInterfaceOrientationLandscapeLeft UIInterfaceOrientationLandscapeRight";
				INFOPLIST_KEY_UISupportedInterfaceOrientations_iPhone = "UIInterfaceOrientationPortrait UIInterfaceOrientationLandscapeLeft UIInterfaceOrientationLandscapeRight";
				LD_RUNPATH_SEARCH_PATHS = (
					"$(inherited)",
					"@executable_path/Frameworks",
				);
				MARKETING_VERSION = 1.0;
				PRODUCT_BUNDLE_IDENTIFIER = MaxBricker.Hobbify;
				PRODUCT_NAME = "$(TARGET_NAME)";
				SWIFT_EMIT_LOC_STRINGS = YES;
				SWIFT_VERSION = 5.0;
				TARGETED_DEVICE_FAMILY = "1,2";
			};
			name = Release;
		};
		5C7D9E042D4724BE00975515 /* Debug */ = {
			isa = XCBuildConfiguration;
			buildSettings = {
				BUNDLE_LOADER = "$(TEST_HOST)";
				CODE_SIGN_STYLE = Automatic;
				CURRENT_PROJECT_VERSION = 1;
				DEVELOPMENT_TEAM = 8DMXRV4N4Y;
				GENERATE_INFOPLIST_FILE = YES;
				IPHONEOS_DEPLOYMENT_TARGET = 18.2;
				MARKETING_VERSION = 1.0;
				PRODUCT_BUNDLE_IDENTIFIER = MaxBricker.HobbifyTests;
				PRODUCT_NAME = "$(TARGET_NAME)";
				SWIFT_EMIT_LOC_STRINGS = NO;
				SWIFT_VERSION = 5.0;
				TARGETED_DEVICE_FAMILY = "1,2";
				TEST_HOST = "$(BUILT_PRODUCTS_DIR)/Hobbify.app/$(BUNDLE_EXECUTABLE_FOLDER_PATH)/Hobbify";
			};
			name = Debug;
		};
		5C7D9E052D4724BE00975515 /* Release */ = {
			isa = XCBuildConfiguration;
			buildSettings = {
				BUNDLE_LOADER = "$(TEST_HOST)";
				CODE_SIGN_STYLE = Automatic;
				CURRENT_PROJECT_VERSION = 1;
				DEVELOPMENT_TEAM = 8DMXRV4N4Y;
				GENERATE_INFOPLIST_FILE = YES;
				IPHONEOS_DEPLOYMENT_TARGET = 18.2;
				MARKETING_VERSION = 1.0;
				PRODUCT_BUNDLE_IDENTIFIER = MaxBricker.HobbifyTests;
				PRODUCT_NAME = "$(TARGET_NAME)";
				SWIFT_EMIT_LOC_STRINGS = NO;
				SWIFT_VERSION = 5.0;
				TARGETED_DEVICE_FAMILY = "1,2";
				TEST_HOST = "$(BUILT_PRODUCTS_DIR)/Hobbify.app/$(BUNDLE_EXECUTABLE_FOLDER_PATH)/Hobbify";
			};
			name = Release;
		};
		5C7D9E072D4724BE00975515 /* Debug */ = {
			isa = XCBuildConfiguration;
			buildSettings = {
				CODE_SIGN_STYLE = Automatic;
				CURRENT_PROJECT_VERSION = 1;
				DEVELOPMENT_TEAM = 8DMXRV4N4Y;
				GENERATE_INFOPLIST_FILE = YES;
				MARKETING_VERSION = 1.0;
				PRODUCT_BUNDLE_IDENTIFIER = MaxBricker.HobbifyUITests;
				PRODUCT_NAME = "$(TARGET_NAME)";
				SWIFT_EMIT_LOC_STRINGS = NO;
				SWIFT_VERSION = 5.0;
				TARGETED_DEVICE_FAMILY = "1,2";
				TEST_TARGET_NAME = Hobbify;
			};
			name = Debug;
		};
		5C7D9E082D4724BE00975515 /* Release */ = {
			isa = XCBuildConfiguration;
			buildSettings = {
				CODE_SIGN_STYLE = Automatic;
				CURRENT_PROJECT_VERSION = 1;
				DEVELOPMENT_TEAM = 8DMXRV4N4Y;
				GENERATE_INFOPLIST_FILE = YES;
				MARKETING_VERSION = 1.0;
				PRODUCT_BUNDLE_IDENTIFIER = MaxBricker.HobbifyUITests;
				PRODUCT_NAME = "$(TARGET_NAME)";
				SWIFT_EMIT_LOC_STRINGS = NO;
				SWIFT_VERSION = 5.0;
				TARGETED_DEVICE_FAMILY = "1,2";
				TEST_TARGET_NAME = Hobbify;
			};
			name = Release;
		};
/* End XCBuildConfiguration section */

/* Begin XCConfigurationList section */
		5C7D9DD22D4724BD00975515 /* Build configuration list for PBXProject "Hobbify" */ = {
			isa = XCConfigurationList;
			buildConfigurations = (
				5C7D9DFE2D4724BE00975515 /* Debug */,
				5C7D9DFF2D4724BE00975515 /* Release */,
			);
			defaultConfigurationIsVisible = 0;
			defaultConfigurationName = Release;
		};
		5C7D9E002D4724BE00975515 /* Build configuration list for PBXNativeTarget "Hobbify" */ = {
			isa = XCConfigurationList;
			buildConfigurations = (
				5C7D9E012D4724BE00975515 /* Debug */,
				5C7D9E022D4724BE00975515 /* Release */,
			);
			defaultConfigurationIsVisible = 0;
			defaultConfigurationName = Release;
		};
		5C7D9E032D4724BE00975515 /* Build configuration list for PBXNativeTarget "HobbifyTests" */ = {
			isa = XCConfigurationList;
			buildConfigurations = (
				5C7D9E042D4724BE00975515 /* Debug */,
				5C7D9E052D4724BE00975515 /* Release */,
			);
			defaultConfigurationIsVisible = 0;
			defaultConfigurationName = Release;
		};
		5C7D9E062D4724BE00975515 /* Build configuration list for PBXNativeTarget "HobbifyUITests" */ = {
			isa = XCConfigurationList;
			buildConfigurations = (
				5C7D9E072D4724BE00975515 /* Debug */,
				5C7D9E082D4724BE00975515 /* Release */,
			);
			defaultConfigurationIsVisible = 0;
			defaultConfigurationName = Release;
		};
/* End XCConfigurationList section */
	};
	rootObject = 5C7D9DCF2D4724BD00975515 /* Project object */;
}
